
Microsoft Visual Studio Solution File, Format Version 12.00
# Visual Studio 15
VisualStudioVersion = 15.0.28010.2046
MinimumVisualStudioVersion = 10.0.40219.1
Project("{FAE04EC0-301F-11D3-BF4B-00C04F79EFBC}") = "PF1S2.1", "PF1S2.1\PF1S2.1.csproj", "{2F527E78-3C8E-4912-B372-5566645FBF95}"
EndProject
Global
	GlobalSection(SolutionConfigurationPlatforms) = preSolution
		Debug|Any CPU = Debug|Any CPU
		Release|Any CPU = Release|Any CPU
	EndGlobalSection
	GlobalSection(ProjectConfigurationPlatforms) = postSolution
		{2F527E78-3C8E-4912-B372-5566645FBF95}.Debug|Any CPU.ActiveCfg = Debug|Any CPU
		{2F527E78-3C8E-4912-B372-5566645FBF95}.Debug|Any CPU.Build.0 = Debug|Any CPU
		{2F527E78-3C8E-4912-B372-5566645FBF95}.Release|Any CPU.ActiveCfg = Release|Any CPU
		{2F527E78-3C8E-4912-B372-5566645FBF95}.Release|Any CPU.Build.0 = Release|Any CPU
	EndGlobalSection
	GlobalSection(SolutionProperties) = preSolution
		HideSolutionNode = FALSE
	EndGlobalSection
	GlobalSection(ExtensibilityGlobals) = postSolution
		SolutionGuid = {8BDED8DC-C745-48E8-AD25-8B9D90A8797C}
	EndGlobalSection
EndGlobal
